// !$*UTF8*$!
{
	archiveVersion = 1;
	classes = {
	};
	objectVersion = 50;
	objects = {

/* Begin PBXBuildFile section */
		643C79402262131700B46EA2 /* AppDelegate.swift in Sources */ = {isa = PBXBuildFile; fileRef = 643C793F2262131700B46EA2 /* AppDelegate.swift */; };
		643C79422262131700B46EA2 /* ViewController.swift in Sources */ = {isa = PBXBuildFile; fileRef = 643C79412262131700B46EA2 /* ViewController.swift */; };
		643C79452262131700B46EA2 /* Main.storyboard in Resources */ = {isa = PBXBuildFile; fileRef = 643C79432262131700B46EA2 /* Main.storyboard */; };
		643C79472262131800B46EA2 /* Assets.xcassets in Resources */ = {isa = PBXBuildFile; fileRef = 643C79462262131800B46EA2 /* Assets.xcassets */; };
		643C794A2262131800B46EA2 /* LaunchScreen.storyboard in Resources */ = {isa = PBXBuildFile; fileRef = 643C79482262131800B46EA2 /* LaunchScreen.storyboard */; };
		643C79552262131800B46EA2 /* FlagRouterTests.swift in Sources */ = {isa = PBXBuildFile; fileRef = 643C79542262131800B46EA2 /* FlagRouterTests.swift */; };
		643C79702263BD4700B46EA2 /* FlagInteractor.swift in Sources */ = {isa = PBXBuildFile; fileRef = 643C796F2263BD4700B46EA2 /* FlagInteractor.swift */; };
		643C79732263BDAD00B46EA2 /* FlagPresenter.swift in Sources */ = {isa = PBXBuildFile; fileRef = 643C79722263BDAD00B46EA2 /* FlagPresenter.swift */; };
		643C79772263BE2F00B46EA2 /* FlagRouter.swift in Sources */ = {isa = PBXBuildFile; fileRef = 643C79762263BE2F00B46EA2 /* FlagRouter.swift */; };
		643C797B2263C4FD00B46EA2 /* Project2Mocks.swift in Sources */ = {isa = PBXBuildFile; fileRef = 643C797A2263C4FD00B46EA2 /* Project2Mocks.swift */; };
		643C797E2263C56500B46EA2 /* ViewControllerTests.swift in Sources */ = {isa = PBXBuildFile; fileRef = 643C797D2263C56500B46EA2 /* ViewControllerTests.swift */; };
		643C79812263C95A00B46EA2 /* FlagPresenterTests.swift in Sources */ = {isa = PBXBuildFile; fileRef = 643C79802263C95A00B46EA2 /* FlagPresenterTests.swift */; };
/* End PBXBuildFile section */

/* Begin PBXContainerItemProxy section */
		643C79512262131800B46EA2 /* PBXContainerItemProxy */ = {
			isa = PBXContainerItemProxy;
			containerPortal = 643C79342262131700B46EA2 /* Project object */;
			proxyType = 1;
			remoteGlobalIDString = 643C793B2262131700B46EA2;
			remoteInfo = Project2;
		};
/* End PBXContainerItemProxy section */

/* Begin PBXFileReference section */
		643C793C2262131700B46EA2 /* Project6a.app */ = {isa = PBXFileReference; explicitFileType = wrapper.application; includeInIndex = 0; path = Project6a.app; sourceTree = BUILT_PRODUCTS_DIR; };
		643C793F2262131700B46EA2 /* AppDelegate.swift */ = {isa = PBXFileReference; lastKnownFileType = sourcecode.swift; path = AppDelegate.swift; sourceTree = "<group>"; };
		643C79412262131700B46EA2 /* ViewController.swift */ = {isa = PBXFileReference; lastKnownFileType = sourcecode.swift; path = ViewController.swift; sourceTree = "<group>"; };
		643C79442262131700B46EA2 /* Base */ = {isa = PBXFileReference; lastKnownFileType = file.storyboard; name = Base; path = Base.lproj/Main.storyboard; sourceTree = "<group>"; };
		643C79462262131800B46EA2 /* Assets.xcassets */ = {isa = PBXFileReference; lastKnownFileType = folder.assetcatalog; path = Assets.xcassets; sourceTree = "<group>"; };
		643C79492262131800B46EA2 /* Base */ = {isa = PBXFileReference; lastKnownFileType = file.storyboard; name = Base; path = Base.lproj/LaunchScreen.storyboard; sourceTree = "<group>"; };
		643C794B2262131800B46EA2 /* Info.plist */ = {isa = PBXFileReference; lastKnownFileType = text.plist.xml; path = Info.plist; sourceTree = "<group>"; };
		643C79502262131800B46EA2 /* Project6aTests.xctest */ = {isa = PBXFileReference; explicitFileType = wrapper.cfbundle; includeInIndex = 0; path = Project6aTests.xctest; sourceTree = BUILT_PRODUCTS_DIR; };
		643C79542262131800B46EA2 /* FlagRouterTests.swift */ = {isa = PBXFileReference; lastKnownFileType = sourcecode.swift; path = FlagRouterTests.swift; sourceTree = "<group>"; };
		643C79562262131800B46EA2 /* Info.plist */ = {isa = PBXFileReference; lastKnownFileType = text.plist.xml; path = Info.plist; sourceTree = "<group>"; };
		643C796F2263BD4700B46EA2 /* FlagInteractor.swift */ = {isa = PBXFileReference; lastKnownFileType = sourcecode.swift; path = FlagInteractor.swift; sourceTree = "<group>"; };
		643C79722263BDAD00B46EA2 /* FlagPresenter.swift */ = {isa = PBXFileReference; lastKnownFileType = sourcecode.swift; path = FlagPresenter.swift; sourceTree = "<group>"; };
		643C79762263BE2F00B46EA2 /* FlagRouter.swift */ = {isa = PBXFileReference; lastKnownFileType = sourcecode.swift; path = FlagRouter.swift; sourceTree = "<group>"; };
		643C797A2263C4FD00B46EA2 /* Project2Mocks.swift */ = {isa = PBXFileReference; lastKnownFileType = sourcecode.swift; path = Project2Mocks.swift; sourceTree = "<group>"; };
		643C797D2263C56500B46EA2 /* ViewControllerTests.swift */ = {isa = PBXFileReference; lastKnownFileType = sourcecode.swift; path = ViewControllerTests.swift; sourceTree = "<group>"; };
		643C79802263C95A00B46EA2 /* FlagPresenterTests.swift */ = {isa = PBXFileReference; lastKnownFileType = sourcecode.swift; path = FlagPresenterTests.swift; sourceTree = "<group>"; };
/* End PBXFileReference section */

/* Begin PBXFrameworksBuildPhase section */
		643C79392262131700B46EA2 /* Frameworks */ = {
			isa = PBXFrameworksBuildPhase;
			buildActionMask = 2147483647;
			files = (
			);
			runOnlyForDeploymentPostprocessing = 0;
		};
		643C794D2262131800B46EA2 /* Frameworks */ = {
			isa = PBXFrameworksBuildPhase;
			buildActionMask = 2147483647;
			files = (
			);
			runOnlyForDeploymentPostprocessing = 0;
		};
/* End PBXFrameworksBuildPhase section */

/* Begin PBXGroup section */
		643C79332262131700B46EA2 = {
			isa = PBXGroup;
			children = (
				643C793E2262131700B46EA2 /* Project6a */,
				643C79532262131800B46EA2 /* Project6aTests */,
				643C793D2262131700B46EA2 /* Products */,
			);
			sourceTree = "<group>";
		};
		643C793D2262131700B46EA2 /* Products */ = {
			isa = PBXGroup;
			children = (
				643C793C2262131700B46EA2 /* Project6a.app */,
				643C79502262131800B46EA2 /* Project6aTests.xctest */,
			);
			name = Products;
			sourceTree = "<group>";
		};
		643C793E2262131700B46EA2 /* Project6a */ = {
			isa = PBXGroup;
			children = (
				643C79752263BE2400B46EA2 /* Router */,
				643C79742263BE1E00B46EA2 /* View */,
				643C79712263BDA300B46EA2 /* Presenter */,
				643C796E2263BD1A00B46EA2 /* Interactor */,
				643C796D2263BCD200B46EA2 /* Entity */,
				643C793F2262131700B46EA2 /* AppDelegate.swift */,
				643C79432262131700B46EA2 /* Main.storyboard */,
				643C79462262131800B46EA2 /* Assets.xcassets */,
				643C79482262131800B46EA2 /* LaunchScreen.storyboard */,
				643C794B2262131800B46EA2 /* Info.plist */,
			);
			path = Project6a;
			sourceTree = "<group>";
		};
		643C79532262131800B46EA2 /* Project6aTests */ = {
			isa = PBXGroup;
			children = (
				643C797F2263C94E00B46EA2 /* Presenter */,
				643C797C2263C55800B46EA2 /* View */,
				643C79792263C4F000B46EA2 /* Mocks */,
				643C79782263C49600B46EA2 /* Router */,
				643C79562262131800B46EA2 /* Info.plist */,
			);
			path = Project6aTests;
			sourceTree = "<group>";
		};
		643C796D2263BCD200B46EA2 /* Entity */ = {
			isa = PBXGroup;
			children = (
			);
			path = Entity;
			sourceTree = "<group>";
		};
		643C796E2263BD1A00B46EA2 /* Interactor */ = {
			isa = PBXGroup;
			children = (
				643C796F2263BD4700B46EA2 /* FlagInteractor.swift */,
			);
			path = Interactor;
			sourceTree = "<group>";
		};
		643C79712263BDA300B46EA2 /* Presenter */ = {
			isa = PBXGroup;
			children = (
				643C79722263BDAD00B46EA2 /* FlagPresenter.swift */,
			);
			path = Presenter;
			sourceTree = "<group>";
		};
		643C79742263BE1E00B46EA2 /* View */ = {
			isa = PBXGroup;
			children = (
				643C79412262131700B46EA2 /* ViewController.swift */,
			);
			path = View;
			sourceTree = "<group>";
		};
		643C79752263BE2400B46EA2 /* Router */ = {
			isa = PBXGroup;
			children = (
				643C79762263BE2F00B46EA2 /* FlagRouter.swift */,
			);
			path = Router;
			sourceTree = "<group>";
		};
		643C79782263C49600B46EA2 /* Router */ = {
			isa = PBXGroup;
			children = (
				643C79542262131800B46EA2 /* FlagRouterTests.swift */,
			);
			path = Router;
			sourceTree = "<group>";
		};
		643C79792263C4F000B46EA2 /* Mocks */ = {
			isa = PBXGroup;
			children = (
				643C797A2263C4FD00B46EA2 /* Project2Mocks.swift */,
			);
			path = Mocks;
			sourceTree = "<group>";
		};
		643C797C2263C55800B46EA2 /* View */ = {
			isa = PBXGroup;
			children = (
				643C797D2263C56500B46EA2 /* ViewControllerTests.swift */,
			);
			path = View;
			sourceTree = "<group>";
		};
		643C797F2263C94E00B46EA2 /* Presenter */ = {
			isa = PBXGroup;
			children = (
				643C79802263C95A00B46EA2 /* FlagPresenterTests.swift */,
			);
			path = Presenter;
			sourceTree = "<group>";
		};
/* End PBXGroup section */

/* Begin PBXNativeTarget section */
		643C793B2262131700B46EA2 /* Project6a */ = {
			isa = PBXNativeTarget;
			buildConfigurationList = 643C79642262131800B46EA2 /* Build configuration list for PBXNativeTarget "Project6a" */;
			buildPhases = (
				643C79382262131700B46EA2 /* Sources */,
				643C79392262131700B46EA2 /* Frameworks */,
				643C793A2262131700B46EA2 /* Resources */,
			);
			buildRules = (
			);
			dependencies = (
			);
			name = Project6a;
			productName = Project2;
			productReference = 643C793C2262131700B46EA2 /* Project6a.app */;
			productType = "com.apple.product-type.application";
		};
		643C794F2262131800B46EA2 /* Project6aTests */ = {
			isa = PBXNativeTarget;
			buildConfigurationList = 643C79672262131800B46EA2 /* Build configuration list for PBXNativeTarget "Project6aTests" */;
			buildPhases = (
				643C794C2262131800B46EA2 /* Sources */,
				643C794D2262131800B46EA2 /* Frameworks */,
				643C794E2262131800B46EA2 /* Resources */,
			);
			buildRules = (
			);
			dependencies = (
				643C79522262131800B46EA2 /* PBXTargetDependency */,
			);
			name = Project6aTests;
			productName = Project2Tests;
			productReference = 643C79502262131800B46EA2 /* Project6aTests.xctest */;
			productType = "com.apple.product-type.bundle.unit-test";
		};
/* End PBXNativeTarget section */

/* Begin PBXProject section */
		643C79342262131700B46EA2 /* Project object */ = {
			isa = PBXProject;
			attributes = {
				LastSwiftUpdateCheck = 1020;
				LastUpgradeCheck = 1020;
				ORGANIZATIONNAME = Emma;
				TargetAttributes = {
					643C793B2262131700B46EA2 = {
						CreatedOnToolsVersion = 10.2;
					};
					643C794F2262131800B46EA2 = {
						CreatedOnToolsVersion = 10.2;
						TestTargetID = 643C793B2262131700B46EA2;
					};
				};
			};
			buildConfigurationList = 643C79372262131700B46EA2 /* Build configuration list for PBXProject "Project6a" */;
			compatibilityVersion = "Xcode 9.3";
			developmentRegion = en;
			hasScannedForEncodings = 0;
			knownRegions = (
				en,
				Base,
			);
			mainGroup = 643C79332262131700B46EA2;
			productRefGroup = 643C793D2262131700B46EA2 /* Products */;
			projectDirPath = "";
			projectRoot = "";
			targets = (
				643C793B2262131700B46EA2 /* Project6a */,
				643C794F2262131800B46EA2 /* Project6aTests */,
			);
		};
/* End PBXProject section */

/* Begin PBXResourcesBuildPhase section */
		643C793A2262131700B46EA2 /* Resources */ = {
			isa = PBXResourcesBuildPhase;
			buildActionMask = 2147483647;
			files = (
				643C794A2262131800B46EA2 /* LaunchScreen.storyboard in Resources */,
				643C79472262131800B46EA2 /* Assets.xcassets in Resources */,
				643C79452262131700B46EA2 /* Main.storyboard in Resources */,
			);
			runOnlyForDeploymentPostprocessing = 0;
		};
		643C794E2262131800B46EA2 /* Resources */ = {
			isa = PBXResourcesBuildPhase;
			buildActionMask = 2147483647;
			files = (
			);
			runOnlyForDeploymentPostprocessing = 0;
		};
/* End PBXResourcesBuildPhase section */

/* Begin PBXSourcesBuildPhase section */
		643C79382262131700B46EA2 /* Sources */ = {
			isa = PBXSourcesBuildPhase;
			buildActionMask = 2147483647;
			files = (
				643C79732263BDAD00B46EA2 /* FlagPresenter.swift in Sources */,
				643C79422262131700B46EA2 /* ViewController.swift in Sources */,
				643C79402262131700B46EA2 /* AppDelegate.swift in Sources */,
				643C79772263BE2F00B46EA2 /* FlagRouter.swift in Sources */,
				643C79702263BD4700B46EA2 /* FlagInteractor.swift in Sources */,
			);
			runOnlyForDeploymentPostprocessing = 0;
		};
		643C794C2262131800B46EA2 /* Sources */ = {
			isa = PBXSourcesBuildPhase;
			buildActionMask = 2147483647;
			files = (
				643C79812263C95A00B46EA2 /* FlagPresenterTests.swift in Sources */,
				643C797E2263C56500B46EA2 /* ViewControllerTests.swift in Sources */,
				643C797B2263C4FD00B46EA2 /* Project2Mocks.swift in Sources */,
				643C79552262131800B46EA2 /* FlagRouterTests.swift in Sources */,
			);
			runOnlyForDeploymentPostprocessing = 0;
		};
/* End PBXSourcesBuildPhase section */

/* Begin PBXTargetDependency section */
		643C79522262131800B46EA2 /* PBXTargetDependency */ = {
			isa = PBXTargetDependency;
			target = 643C793B2262131700B46EA2 /* Project6a */;
			targetProxy = 643C79512262131800B46EA2 /* PBXContainerItemProxy */;
		};
/* End PBXTargetDependency section */

/* Begin PBXVariantGroup section */
		643C79432262131700B46EA2 /* Main.storyboard */ = {
			isa = PBXVariantGroup;
			children = (
				643C79442262131700B46EA2 /* Base */,
			);
			name = Main.storyboard;
			sourceTree = "<group>";
		};
		643C79482262131800B46EA2 /* LaunchScreen.storyboard */ = {
			isa = PBXVariantGroup;
			children = (
				643C79492262131800B46EA2 /* Base */,
			);
			name = LaunchScreen.storyboard;
			sourceTree = "<group>";
		};
/* End PBXVariantGroup section */

/* Begin XCBuildConfiguration section */
		643C79622262131800B46EA2 /* Debug */ = {
			isa = XCBuildConfiguration;
			buildSettings = {
				ALWAYS_SEARCH_USER_PATHS = NO;
				CLANG_ANALYZER_NONNULL = YES;
				CLANG_ANALYZER_NUMBER_OBJECT_CONVERSION = YES_AGGRESSIVE;
				CLANG_CXX_LANGUAGE_STANDARD = "gnu++14";
				CLANG_CXX_LIBRARY = "libc++";
				CLANG_ENABLE_MODULES = YES;
				CLANG_ENABLE_OBJC_ARC = YES;
				CLANG_ENABLE_OBJC_WEAK = YES;
				CLANG_WARN_BLOCK_CAPTURE_AUTORELEASING = YES;
				CLANG_WARN_BOOL_CONVERSION = YES;
				CLANG_WARN_COMMA = YES;
				CLANG_WARN_CONSTANT_CONVERSION = YES;
				CLANG_WARN_DEPRECATED_OBJC_IMPLEMENTATIONS = YES;
				CLANG_WARN_DIRECT_OBJC_ISA_USAGE = YES_ERROR;
				CLANG_WARN_DOCUMENTATION_COMMENTS = YES;
				CLANG_WARN_EMPTY_BODY = YES;
				CLANG_WARN_ENUM_CONVERSION = YES;
				CLANG_WARN_INFINITE_RECURSION = YES;
				CLANG_WARN_INT_CONVERSION = YES;
				CLANG_WARN_NON_LITERAL_NULL_CONVERSION = YES;
				CLANG_WARN_OBJC_IMPLICIT_RETAIN_SELF = YES;
				CLANG_WARN_OBJC_LITERAL_CONVERSION = YES;
				CLANG_WARN_OBJC_ROOT_CLASS = YES_ERROR;
				CLANG_WARN_RANGE_LOOP_ANALYSIS = YES;
				CLANG_WARN_STRICT_PROTOTYPES = YES;
				CLANG_WARN_SUSPICIOUS_MOVE = YES;
				CLANG_WARN_UNGUARDED_AVAILABILITY = YES_AGGRESSIVE;
				CLANG_WARN_UNREACHABLE_CODE = YES;
				CLANG_WARN__DUPLICATE_METHOD_MATCH = YES;
				CODE_SIGN_IDENTITY = "iPhone Developer";
				COPY_PHASE_STRIP = NO;
				DEBUG_INFORMATION_FORMAT = dwarf;
				ENABLE_STRICT_OBJC_MSGSEND = YES;
				ENABLE_TESTABILITY = YES;
				GCC_C_LANGUAGE_STANDARD = gnu11;
				GCC_DYNAMIC_NO_PIC = NO;
				GCC_NO_COMMON_BLOCKS = YES;
				GCC_OPTIMIZATION_LEVEL = 0;
				GCC_PREPROCESSOR_DEFINITIONS = (
					"DEBUG=1",
					"$(inherited)",
				);
				GCC_WARN_64_TO_32_BIT_CONVERSION = YES;
				GCC_WARN_ABOUT_RETURN_TYPE = YES_ERROR;
				GCC_WARN_UNDECLARED_SELECTOR = YES;
				GCC_WARN_UNINITIALIZED_AUTOS = YES_AGGRESSIVE;
				GCC_WARN_UNUSED_FUNCTION = YES;
				GCC_WARN_UNUSED_VARIABLE = YES;
				IPHONEOS_DEPLOYMENT_TARGET = 12.2;
				MTL_ENABLE_DEBUG_INFO = INCLUDE_SOURCE;
				MTL_FAST_MATH = YES;
				ONLY_ACTIVE_ARCH = YES;
				SDKROOT = iphoneos;
				SWIFT_ACTIVE_COMPILATION_CONDITIONS = DEBUG;
				SWIFT_OPTIMIZATION_LEVEL = "-Onone";
			};
			name = Debug;
		};
		643C79632262131800B46EA2 /* Release */ = {
			isa = XCBuildConfiguration;
			buildSettings = {
				ALWAYS_SEARCH_USER_PATHS = NO;
				CLANG_ANALYZER_NONNULL = YES;
				CLANG_ANALYZER_NUMBER_OBJECT_CONVERSION = YES_AGGRESSIVE;
				CLANG_CXX_LANGUAGE_STANDARD = "gnu++14";
				CLANG_CXX_LIBRARY = "libc++";
				CLANG_ENABLE_MODULES = YES;
				CLANG_ENABLE_OBJC_ARC = YES;
				CLANG_ENABLE_OBJC_WEAK = YES;
				CLANG_WARN_BLOCK_CAPTURE_AUTORELEASING = YES;
				CLANG_WARN_BOOL_CONVERSION = YES;
				CLANG_WARN_COMMA = YES;
				CLANG_WARN_CONSTANT_CONVERSION = YES;
				CLANG_WARN_DEPRECATED_OBJC_IMPLEMENTATIONS = YES;
				CLANG_WARN_DIRECT_OBJC_ISA_USAGE = YES_ERROR;
				CLANG_WARN_DOCUMENTATION_COMMENTS = YES;
				CLANG_WARN_EMPTY_BODY = YES;
				CLANG_WARN_ENUM_CONVERSION = YES;
				CLANG_WARN_INFINITE_RECURSION = YES;
				CLANG_WARN_INT_CONVERSION = YES;
				CLANG_WARN_NON_LITERAL_NULL_CONVERSION = YES;
				CLANG_WARN_OBJC_IMPLICIT_RETAIN_SELF = YES;
				CLANG_WARN_OBJC_LITERAL_CONVERSION = YES;
				CLANG_WARN_OBJC_ROOT_CLASS = YES_ERROR;
				CLANG_WARN_RANGE_LOOP_ANALYSIS = YES;
				CLANG_WARN_STRICT_PROTOTYPES = YES;
				CLANG_WARN_SUSPICIOUS_MOVE = YES;
				CLANG_WARN_UNGUARDED_AVAILABILITY = YES_AGGRESSIVE;
				CLANG_WARN_UNREACHABLE_CODE = YES;
				CLANG_WARN__DUPLICATE_METHOD_MATCH = YES;
				CODE_SIGN_IDENTITY = "iPhone Developer";
				COPY_PHASE_STRIP = NO;
				DEBUG_INFORMATION_FORMAT = "dwarf-with-dsym";
				ENABLE_NS_ASSERTIONS = NO;
				ENABLE_STRICT_OBJC_MSGSEND = YES;
				GCC_C_LANGUAGE_STANDARD = gnu11;
				GCC_NO_COMMON_BLOCKS = YES;
				GCC_WARN_64_TO_32_BIT_CONVERSION = YES;
				GCC_WARN_ABOUT_RETURN_TYPE = YES_ERROR;
				GCC_WARN_UNDECLARED_SELECTOR = YES;
				GCC_WARN_UNINITIALIZED_AUTOS = YES_AGGRESSIVE;
				GCC_WARN_UNUSED_FUNCTION = YES;
				GCC_WARN_UNUSED_VARIABLE = YES;
				IPHONEOS_DEPLOYMENT_TARGET = 12.2;
				MTL_ENABLE_DEBUG_INFO = NO;
				MTL_FAST_MATH = YES;
				SDKROOT = iphoneos;
				SWIFT_COMPILATION_MODE = wholemodule;
				SWIFT_OPTIMIZATION_LEVEL = "-O";
				VALIDATE_PRODUCT = YES;
			};
			name = Release;
		};
		643C79652262131800B46EA2 /* Debug */ = {
			isa = XCBuildConfiguration;
			buildSettings = {
				ASSETCATALOG_COMPILER_APPICON_NAME = AppIcon;
				CODE_SIGN_STYLE = Automatic;
				DEVELOPMENT_TEAM = AUKUME7KXF;
				INFOPLIST_FILE = Project6a/Info.plist;
				LD_RUNPATH_SEARCH_PATHS = (
					"$(inherited)",
					"@executable_path/Frameworks",
				);
				PRODUCT_BUNDLE_IDENTIFIER = com.emmaleechoon.test.Project6a;
				PRODUCT_NAME = "$(TARGET_NAME)";
				SWIFT_VERSION = 5.0;
				TARGETED_DEVICE_FAMILY = "1,2";
			};
			name = Debug;
		};
		643C79662262131800B46EA2 /* Release */ = {
			isa = XCBuildConfiguration;
			buildSettings = {
				ASSETCATALOG_COMPILER_APPICON_NAME = AppIcon;
				CODE_SIGN_STYLE = Automatic;
				DEVELOPMENT_TEAM = AUKUME7KXF;
				INFOPLIST_FILE = Project6a/Info.plist;
				LD_RUNPATH_SEARCH_PATHS = (
					"$(inherited)",
					"@executable_path/Frameworks",
				);
				PRODUCT_BUNDLE_IDENTIFIER = com.emmaleechoon.test.Project6a;
				PRODUCT_NAME = "$(TARGET_NAME)";
				SWIFT_VERSION = 5.0;
				TARGETED_DEVICE_FAMILY = "1,2";
			};
			name = Release;
		};
		643C79682262131800B46EA2 /* Debug */ = {
			isa = XCBuildConfiguration;
			buildSettings = {
				ALWAYS_EMBED_SWIFT_STANDARD_LIBRARIES = YES;
				BUNDLE_LOADER = "$(TEST_HOST)";
				CODE_SIGN_STYLE = Automatic;
				DEVELOPMENT_TEAM = AUKUME7KXF;
				INFOPLIST_FILE = Project6aTests/Info.plist;
				LD_RUNPATH_SEARCH_PATHS = (
					"$(inherited)",
					"@executable_path/Frameworks",
					"@loader_path/Frameworks",
				);
				PRODUCT_BUNDLE_IDENTIFIER = com.emmaleechoon.test.Project6aTests;
				PRODUCT_NAME = "$(TARGET_NAME)";
				SWIFT_VERSION = 5.0;
				TARGETED_DEVICE_FAMILY = "1,2";
				TEST_HOST = "$(BUILT_PRODUCTS_DIR)/Project6a.app/Project6a";
			};
			name = Debug;
		};
		643C79692262131800B46EA2 /* Release */ = {
			isa = XCBuildConfiguration;
			buildSettings = {
				ALWAYS_EMBED_SWIFT_STANDARD_LIBRARIES = YES;
				BUNDLE_LOADER = "$(TEST_HOST)";
				CODE_SIGN_STYLE = Automatic;
				DEVELOPMENT_TEAM = AUKUME7KXF;
				INFOPLIST_FILE = Project6aTests/Info.plist;
				LD_RUNPATH_SEARCH_PATHS = (
					"$(inherited)",
					"@executable_path/Frameworks",
					"@loader_path/Frameworks",
				);
				PRODUCT_BUNDLE_IDENTIFIER = com.emmaleechoon.test.Project6aTests;
				PRODUCT_NAME = "$(TARGET_NAME)";
				SWIFT_VERSION = 5.0;
				TARGETED_DEVICE_FAMILY = "1,2";
				TEST_HOST = "$(BUILT_PRODUCTS_DIR)/Project6a.app/Project6a";
			};
			name = Release;
		};
/* End XCBuildConfiguration section */

/* Begin XCConfigurationList section */
		643C79372262131700B46EA2 /* Build configuration list for PBXProject "Project6a" */ = {
			isa = XCConfigurationList;
			buildConfigurations = (
				643C79622262131800B46EA2 /* Debug */,
				643C79632262131800B46EA2 /* Release */,
			);
			defaultConfigurationIsVisible = 0;
			defaultConfigurationName = Release;
		};
		643C79642262131800B46EA2 /* Build configuration list for PBXNativeTarget "Project6a" */ = {
			isa = XCConfigurationList;
			buildConfigurations = (
				643C79652262131800B46EA2 /* Debug */,
				643C79662262131800B46EA2 /* Release */,
			);
			defaultConfigurationIsVisible = 0;
			defaultConfigurationName = Release;
		};
		643C79672262131800B46EA2 /* Build configuration list for PBXNativeTarget "Project6aTests" */ = {
			isa = XCConfigurationList;
			buildConfigurations = (
				643C79682262131800B46EA2 /* Debug */,
				643C79692262131800B46EA2 /* Release */,
			);
			defaultConfigurationIsVisible = 0;
			defaultConfigurationName = Release;
		};
/* End XCConfigurationList section */
	};
	rootObject = 643C79342262131700B46EA2 /* Project object */;
}
